
Microsoft Visual Studio Solution File, Format Version 12.00
# Visual Studio 15
VisualStudioVersion = 15.0.28010.2050
MinimumVisualStudioVersion = 10.0.40219.1
Project("{8BC9CEB8-8B4A-11D0-8D11-00A0C91BC942}") = "test2", "test2\test2.vcxproj", "{6460A129-36DF-4266-9250-53F12EC2DA7A}"
EndProject
Global
	GlobalSection(SolutionConfigurationPlatforms) = preSolution
		Debug|x64 = Debug|x64
		Debug|x86 = Debug|x86
		Release|x64 = Release|x64
		Release|x86 = Release|x86
	EndGlobalSection
	GlobalSection(ProjectConfigurationPlatforms) = postSolution
		{6460A129-36DF-4266-9250-53F12EC2DA7A}.Debug|x64.ActiveCfg = Debug|x64
		{6460A129-36DF-4266-9250-53F12EC2DA7A}.Debug|x64.Build.0 = Debug|x64
		{6460A129-36DF-4266-9250-53F12EC2DA7A}.Debug|x86.ActiveCfg = Debug|Win32
		{6460A129-36DF-4266-9250-53F12EC2DA7A}.Debug|x86.Build.0 = Debug|Win32
		{6460A129-36DF-4266-9250-53F12EC2DA7A}.Release|x64.ActiveCfg = Release|x64
		{6460A129-36DF-4266-9250-53F12EC2DA7A}.Release|x64.Build.0 = Release|x64
		{6460A129-36DF-4266-9250-53F12EC2DA7A}.Release|x86.ActiveCfg = Release|Win32
		{6460A129-36DF-4266-9250-53F12EC2DA7A}.Release|x86.Build.0 = Release|Win32
	EndGlobalSection
	GlobalSection(SolutionProperties) = preSolution
		HideSolutionNode = FALSE
	EndGlobalSection
	GlobalSection(ExtensibilityGlobals) = postSolution
		SolutionGuid = {4FE98032-A59A-4FB0-A175-AA07B3D9D0E7}
	EndGlobalSection
EndGlobal
