
Microsoft Visual Studio Solution File, Format Version 12.00
# Visual Studio 15
VisualStudioVersion = 15.0.28010.2050
MinimumVisualStudioVersion = 10.0.40219.1
Project("{8BC9CEB8-8B4A-11D0-8D11-00A0C91BC942}") = "lab3", "lab3\lab3.vcxproj", "{49BF4703-4D19-4FE9-B0A2-99B755188597}"
EndProject
Global
	GlobalSection(SolutionConfigurationPlatforms) = preSolution
		Debug|x64 = Debug|x64
		Debug|x86 = Debug|x86
		Release|x64 = Release|x64
		Release|x86 = Release|x86
	EndGlobalSection
	GlobalSection(ProjectConfigurationPlatforms) = postSolution
		{49BF4703-4D19-4FE9-B0A2-99B755188597}.Debug|x64.ActiveCfg = Debug|x64
		{49BF4703-4D19-4FE9-B0A2-99B755188597}.Debug|x64.Build.0 = Debug|x64
		{49BF4703-4D19-4FE9-B0A2-99B755188597}.Debug|x86.ActiveCfg = Debug|Win32
		{49BF4703-4D19-4FE9-B0A2-99B755188597}.Debug|x86.Build.0 = Debug|Win32
		{49BF4703-4D19-4FE9-B0A2-99B755188597}.Release|x64.ActiveCfg = Release|x64
		{49BF4703-4D19-4FE9-B0A2-99B755188597}.Release|x64.Build.0 = Release|x64
		{49BF4703-4D19-4FE9-B0A2-99B755188597}.Release|x86.ActiveCfg = Release|Win32
		{49BF4703-4D19-4FE9-B0A2-99B755188597}.Release|x86.Build.0 = Release|Win32
	EndGlobalSection
	GlobalSection(SolutionProperties) = preSolution
		HideSolutionNode = FALSE
	EndGlobalSection
	GlobalSection(ExtensibilityGlobals) = postSolution
		SolutionGuid = {20C87FF3-27CC-4E52-AD21-A876DCE52619}
	EndGlobalSection
EndGlobal
